// !$*UTF8*$!
{
	archiveVersion = 1;
	classes = {
	};
	objectVersion = 52;
	objects = {

/* Begin PBXBuildFile section */
		1D054E63272D4DA80081E75B /* houseplantecommerceApp.swift in Sources */ = {isa = PBXBuildFile; fileRef = 1D054E62272D4DA80081E75B /* houseplantecommerceApp.swift */; };
		1D054E65272D4DA80081E75B /* ContentView.swift in Sources */ = {isa = PBXBuildFile; fileRef = 1D054E64272D4DA80081E75B /* ContentView.swift */; };
		1D054E67272D4DAA0081E75B /* Assets.xcassets in Resources */ = {isa = PBXBuildFile; fileRef = 1D054E66272D4DAA0081E75B /* Assets.xcassets */; };
		1D054E6A272D4DAA0081E75B /* Preview Assets.xcassets in Resources */ = {isa = PBXBuildFile; fileRef = 1D054E69272D4DAA0081E75B /* Preview Assets.xcassets */; };
		1D054E73272D5AC50081E75B /* UserModel.swift in Sources */ = {isa = PBXBuildFile; fileRef = 1D054E72272D5AC50081E75B /* UserModel.swift */; };
		1D25A3642737BC99007D42A9 /* UserRepository.swift in Sources */ = {isa = PBXBuildFile; fileRef = 1D25A3632737BC99007D42A9 /* UserRepository.swift */; };
		1D25A36A2737BE42007D42A9 /* Config.swift in Sources */ = {isa = PBXBuildFile; fileRef = 1D25A3692737BE42007D42A9 /* Config.swift */; };
		1D25A36C2737CA88007D42A9 /* HomeScreen.swift in Sources */ = {isa = PBXBuildFile; fileRef = 1D25A36B2737CA88007D42A9 /* HomeScreen.swift */; };
		1D25A36E2737CAC2007D42A9 /* ProductRepository.swift in Sources */ = {isa = PBXBuildFile; fileRef = 1D25A36D2737CAC2007D42A9 /* ProductRepository.swift */; };
		1D25A3702737CB91007D42A9 /* ProductModel.swift in Sources */ = {isa = PBXBuildFile; fileRef = 1D25A36F2737CB91007D42A9 /* ProductModel.swift */; };
		1D25A3732737E552007D42A9 /* ProductDetailScreen.swift in Sources */ = {isa = PBXBuildFile; fileRef = 1D25A3722737E552007D42A9 /* ProductDetailScreen.swift */; };
		1D9A1E6827411F7800ADAED7 /* ProductListView.swift in Sources */ = {isa = PBXBuildFile; fileRef = 1D9A1E6727411F7800ADAED7 /* ProductListView.swift */; };
		1DAE40F3274121A20070D0EB /* ProductScreen.swift in Sources */ = {isa = PBXBuildFile; fileRef = 1DAE40F2274121A20070D0EB /* ProductScreen.swift */; };
		1DD2C068273FB08C005CA8FD /* AlternativeProductRepository.swift in Sources */ = {isa = PBXBuildFile; fileRef = 1DD2C067273FB08C005CA8FD /* AlternativeProductRepository.swift */; };
		1DD2C06A273FB2B8005CA8FD /* AlternativeHomeScreen.swift in Sources */ = {isa = PBXBuildFile; fileRef = 1DD2C069273FB2B8005CA8FD /* AlternativeHomeScreen.swift */; };
		1DD2C06D273FBCED005CA8FD /* URLImageStore in Frameworks */ = {isa = PBXBuildFile; productRef = 1DD2C06C273FBCED005CA8FD /* URLImageStore */; };
		1DD2C06F273FBCED005CA8FD /* URLImage in Frameworks */ = {isa = PBXBuildFile; productRef = 1DD2C06E273FBCED005CA8FD /* URLImage */; };
/* End PBXBuildFile section */

/* Begin PBXFileReference section */
		1D054E5F272D4DA80081E75B /* houseplantecommerce.app */ = {isa = PBXFileReference; explicitFileType = wrapper.application; includeInIndex = 0; path = houseplantecommerce.app; sourceTree = BUILT_PRODUCTS_DIR; };
		1D054E62272D4DA80081E75B /* houseplantecommerceApp.swift */ = {isa = PBXFileReference; lastKnownFileType = sourcecode.swift; path = houseplantecommerceApp.swift; sourceTree = "<group>"; };
		1D054E64272D4DA80081E75B /* ContentView.swift */ = {isa = PBXFileReference; lastKnownFileType = sourcecode.swift; path = ContentView.swift; sourceTree = "<group>"; };
		1D054E66272D4DAA0081E75B /* Assets.xcassets */ = {isa = PBXFileReference; lastKnownFileType = folder.assetcatalog; path = Assets.xcassets; sourceTree = "<group>"; };
		1D054E69272D4DAA0081E75B /* Preview Assets.xcassets */ = {isa = PBXFileReference; lastKnownFileType = folder.assetcatalog; path = "Preview Assets.xcassets"; sourceTree = "<group>"; };
		1D054E6B272D4DAA0081E75B /* Info.plist */ = {isa = PBXFileReference; lastKnownFileType = text.plist.xml; path = Info.plist; sourceTree = "<group>"; };
		1D054E72272D5AC50081E75B /* UserModel.swift */ = {isa = PBXFileReference; lastKnownFileType = sourcecode.swift; path = UserModel.swift; sourceTree = "<group>"; };
		1D25A3632737BC99007D42A9 /* UserRepository.swift */ = {isa = PBXFileReference; lastKnownFileType = sourcecode.swift; path = UserRepository.swift; sourceTree = "<group>"; };
		1D25A3692737BE42007D42A9 /* Config.swift */ = {isa = PBXFileReference; lastKnownFileType = sourcecode.swift; path = Config.swift; sourceTree = "<group>"; };
		1D25A36B2737CA88007D42A9 /* HomeScreen.swift */ = {isa = PBXFileReference; lastKnownFileType = sourcecode.swift; path = HomeScreen.swift; sourceTree = "<group>"; };
		1D25A36D2737CAC2007D42A9 /* ProductRepository.swift */ = {isa = PBXFileReference; lastKnownFileType = sourcecode.swift; path = ProductRepository.swift; sourceTree = "<group>"; };
		1D25A36F2737CB91007D42A9 /* ProductModel.swift */ = {isa = PBXFileReference; lastKnownFileType = sourcecode.swift; path = ProductModel.swift; sourceTree = "<group>"; };
		1D25A3722737E552007D42A9 /* ProductDetailScreen.swift */ = {isa = PBXFileReference; lastKnownFileType = sourcecode.swift; path = ProductDetailScreen.swift; sourceTree = "<group>"; };
		1D9A1E6727411F7800ADAED7 /* ProductListView.swift */ = {isa = PBXFileReference; lastKnownFileType = sourcecode.swift; path = ProductListView.swift; sourceTree = "<group>"; };
		1DAE40F2274121A20070D0EB /* ProductScreen.swift */ = {isa = PBXFileReference; lastKnownFileType = sourcecode.swift; path = ProductScreen.swift; sourceTree = "<group>"; };
		1DD2C067273FB08C005CA8FD /* AlternativeProductRepository.swift */ = {isa = PBXFileReference; lastKnownFileType = sourcecode.swift; path = AlternativeProductRepository.swift; sourceTree = "<group>"; };
		1DD2C069273FB2B8005CA8FD /* AlternativeHomeScreen.swift */ = {isa = PBXFileReference; lastKnownFileType = sourcecode.swift; path = AlternativeHomeScreen.swift; sourceTree = "<group>"; };
/* End PBXFileReference section */

/* Begin PBXFrameworksBuildPhase section */
		1D054E5C272D4DA80081E75B /* Frameworks */ = {
			isa = PBXFrameworksBuildPhase;
			buildActionMask = 2147483647;
			files = (
				1DD2C06F273FBCED005CA8FD /* URLImage in Frameworks */,
				1DD2C06D273FBCED005CA8FD /* URLImageStore in Frameworks */,
			);
			runOnlyForDeploymentPostprocessing = 0;
		};
/* End PBXFrameworksBuildPhase section */

/* Begin PBXGroup section */
		1D054E56272D4DA80081E75B = {
			isa = PBXGroup;
			children = (
				1D054E61272D4DA80081E75B /* houseplantecommerce */,
				1D054E60272D4DA80081E75B /* Products */,
			);
			sourceTree = "<group>";
		};
		1D054E60272D4DA80081E75B /* Products */ = {
			isa = PBXGroup;
			children = (
				1D054E5F272D4DA80081E75B /* houseplantecommerce.app */,
			);
			name = Products;
			sourceTree = "<group>";
		};
		1D054E61272D4DA80081E75B /* houseplantecommerce */ = {
			isa = PBXGroup;
			children = (
				1D25A3682737BE36007D42A9 /* Env */,
				1D25A3672737BCE7007D42A9 /* DataServices */,
				1D25A3622737BC8A007D42A9 /* Repository */,
				1D054E78272D5B990081E75B /* Extensions */,
				1D054E74272D5AF40081E75B /* Views */,
				1D054E71272D5A720081E75B /* Models */,
				1D054E62272D4DA80081E75B /* houseplantecommerceApp.swift */,
				1D054E64272D4DA80081E75B /* ContentView.swift */,
				1D054E66272D4DAA0081E75B /* Assets.xcassets */,
				1D054E6B272D4DAA0081E75B /* Info.plist */,
				1D054E68272D4DAA0081E75B /* Preview Content */,
			);
			path = houseplantecommerce;
			sourceTree = "<group>";
		};
		1D054E68272D4DAA0081E75B /* Preview Content */ = {
			isa = PBXGroup;
			children = (
				1D054E69272D4DAA0081E75B /* Preview Assets.xcassets */,
			);
			path = "Preview Content";
			sourceTree = "<group>";
		};
		1D054E71272D5A720081E75B /* Models */ = {
			isa = PBXGroup;
			children = (
				1D054E72272D5AC50081E75B /* UserModel.swift */,
				1D25A36F2737CB91007D42A9 /* ProductModel.swift */,
			);
			path = Models;
			sourceTree = "<group>";
		};
		1D054E74272D5AF40081E75B /* Views */ = {
			isa = PBXGroup;
			children = (
				1D054E77272D5B680081E75B /* Shared */,
				1D054E76272D5B5D0081E75B /* Screens */,
				1D054E75272D5B530081E75B /* Navigation */,
			);
			path = Views;
			sourceTree = "<group>";
		};
		1D054E75272D5B530081E75B /* Navigation */ = {
			isa = PBXGroup;
			children = (
			);
			path = Navigation;
			sourceTree = "<group>";
		};
		1D054E76272D5B5D0081E75B /* Screens */ = {
			isa = PBXGroup;
			children = (
				1DAE40F1274121950070D0EB /* Product */,
				1D25A3712737E527007D42A9 /* Home */,
			);
			path = Screens;
			sourceTree = "<group>";
		};
		1D054E77272D5B680081E75B /* Shared */ = {
			isa = PBXGroup;
			children = (
				1D9A1E692741204B00ADAED7 /* Product */,
			);
			path = Shared;
			sourceTree = "<group>";
		};
		1D054E78272D5B990081E75B /* Extensions */ = {
			isa = PBXGroup;
			children = (
			);
			path = Extensions;
			sourceTree = "<group>";
		};
		1D25A3622737BC8A007D42A9 /* Repository */ = {
			isa = PBXGroup;
			children = (
				1D25A3632737BC99007D42A9 /* UserRepository.swift */,
				1D25A36D2737CAC2007D42A9 /* ProductRepository.swift */,
				1DD2C067273FB08C005CA8FD /* AlternativeProductRepository.swift */,
			);
			path = Repository;
			sourceTree = "<group>";
		};
		1D25A3672737BCE7007D42A9 /* DataServices */ = {
			isa = PBXGroup;
			children = (
			);
			path = DataServices;
			sourceTree = "<group>";
		};
		1D25A3682737BE36007D42A9 /* Env */ = {
			isa = PBXGroup;
			children = (
				1D25A3692737BE42007D42A9 /* Config.swift */,
			);
			path = Env;
			sourceTree = "<group>";
		};
		1D25A3712737E527007D42A9 /* Home */ = {
			isa = PBXGroup;
			children = (
				1D25A36B2737CA88007D42A9 /* HomeScreen.swift */,
				1D25A3722737E552007D42A9 /* ProductDetailScreen.swift */,
				1DD2C069273FB2B8005CA8FD /* AlternativeHomeScreen.swift */,
			);
			path = Home;
			sourceTree = "<group>";
		};
		1D9A1E692741204B00ADAED7 /* Product */ = {
			isa = PBXGroup;
			children = (
				1D9A1E6727411F7800ADAED7 /* ProductListView.swift */,
			);
			path = Product;
			sourceTree = "<group>";
		};
		1DAE40F1274121950070D0EB /* Product */ = {
			isa = PBXGroup;
			children = (
				1DAE40F2274121A20070D0EB /* ProductScreen.swift */,
			);
			path = Product;
			sourceTree = "<group>";
		};
/* End PBXGroup section */

/* Begin PBXNativeTarget section */
		1D054E5E272D4DA80081E75B /* houseplantecommerce */ = {
			isa = PBXNativeTarget;
			buildConfigurationList = 1D054E6E272D4DAA0081E75B /* Build configuration list for PBXNativeTarget "houseplantecommerce" */;
			buildPhases = (
				1D054E5B272D4DA80081E75B /* Sources */,
				1D054E5C272D4DA80081E75B /* Frameworks */,
				1D054E5D272D4DA80081E75B /* Resources */,
			);
			buildRules = (
			);
			dependencies = (
			);
			name = houseplantecommerce;
			packageProductDependencies = (
				1DD2C06C273FBCED005CA8FD /* URLImageStore */,
				1DD2C06E273FBCED005CA8FD /* URLImage */,
			);
			productName = houseplantecommerce;
			productReference = 1D054E5F272D4DA80081E75B /* houseplantecommerce.app */;
			productType = "com.apple.product-type.application";
		};
/* End PBXNativeTarget section */

/* Begin PBXProject section */
		1D054E57272D4DA80081E75B /* Project object */ = {
			isa = PBXProject;
			attributes = {
				LastSwiftUpdateCheck = 1250;
				LastUpgradeCheck = 1250;
				TargetAttributes = {
					1D054E5E272D4DA80081E75B = {
						CreatedOnToolsVersion = 12.5.1;
					};
				};
			};
			buildConfigurationList = 1D054E5A272D4DA80081E75B /* Build configuration list for PBXProject "houseplantecommerce" */;
			compatibilityVersion = "Xcode 9.3";
			developmentRegion = en;
			hasScannedForEncodings = 0;
			knownRegions = (
				en,
				Base,
			);
			mainGroup = 1D054E56272D4DA80081E75B;
			packageReferences = (
				1DD2C06B273FBCED005CA8FD /* XCRemoteSwiftPackageReference "url-image" */,
			);
			productRefGroup = 1D054E60272D4DA80081E75B /* Products */;
			projectDirPath = "";
			projectRoot = "";
			targets = (
				1D054E5E272D4DA80081E75B /* houseplantecommerce */,
			);
		};
/* End PBXProject section */

/* Begin PBXResourcesBuildPhase section */
		1D054E5D272D4DA80081E75B /* Resources */ = {
			isa = PBXResourcesBuildPhase;
			buildActionMask = 2147483647;
			files = (
				1D054E6A272D4DAA0081E75B /* Preview Assets.xcassets in Resources */,
				1D054E67272D4DAA0081E75B /* Assets.xcassets in Resources */,
			);
			runOnlyForDeploymentPostprocessing = 0;
		};
/* End PBXResourcesBuildPhase section */

/* Begin PBXSourcesBuildPhase section */
		1D054E5B272D4DA80081E75B /* Sources */ = {
			isa = PBXSourcesBuildPhase;
			buildActionMask = 2147483647;
			files = (
				1D9A1E6827411F7800ADAED7 /* ProductListView.swift in Sources */,
				1D054E65272D4DA80081E75B /* ContentView.swift in Sources */,
				1D054E73272D5AC50081E75B /* UserModel.swift in Sources */,
				1D25A36C2737CA88007D42A9 /* HomeScreen.swift in Sources */,
				1D25A36A2737BE42007D42A9 /* Config.swift in Sources */,
				1D25A36E2737CAC2007D42A9 /* ProductRepository.swift in Sources */,
				1DAE40F3274121A20070D0EB /* ProductScreen.swift in Sources */,
				1D25A3732737E552007D42A9 /* ProductDetailScreen.swift in Sources */,
				1DD2C06A273FB2B8005CA8FD /* AlternativeHomeScreen.swift in Sources */,
				1D25A3642737BC99007D42A9 /* UserRepository.swift in Sources */,
				1D054E63272D4DA80081E75B /* houseplantecommerceApp.swift in Sources */,
				1D25A3702737CB91007D42A9 /* ProductModel.swift in Sources */,
				1DD2C068273FB08C005CA8FD /* AlternativeProductRepository.swift in Sources */,
			);
			runOnlyForDeploymentPostprocessing = 0;
		};
/* End PBXSourcesBuildPhase section */

/* Begin XCBuildConfiguration section */
		1D054E6C272D4DAA0081E75B /* Debug */ = {
			isa = XCBuildConfiguration;
			buildSettings = {
				ALWAYS_SEARCH_USER_PATHS = NO;
				CLANG_ANALYZER_NONNULL = YES;
				CLANG_ANALYZER_NUMBER_OBJECT_CONVERSION = YES_AGGRESSIVE;
				CLANG_CXX_LANGUAGE_STANDARD = "gnu++14";
				CLANG_CXX_LIBRARY = "libc++";
				CLANG_ENABLE_MODULES = YES;
				CLANG_ENABLE_OBJC_ARC = YES;
				CLANG_ENABLE_OBJC_WEAK = YES;
				CLANG_WARN_BLOCK_CAPTURE_AUTORELEASING = YES;
				CLANG_WARN_BOOL_CONVERSION = YES;
				CLANG_WARN_COMMA = YES;
				CLANG_WARN_CONSTANT_CONVERSION = YES;
				CLANG_WARN_DEPRECATED_OBJC_IMPLEMENTATIONS = YES;
				CLANG_WARN_DIRECT_OBJC_ISA_USAGE = YES_ERROR;
				CLANG_WARN_DOCUMENTATION_COMMENTS = YES;
				CLANG_WARN_EMPTY_BODY = YES;
				CLANG_WARN_ENUM_CONVERSION = YES;
				CLANG_WARN_INFINITE_RECURSION = YES;
				CLANG_WARN_INT_CONVERSION = YES;
				CLANG_WARN_NON_LITERAL_NULL_CONVERSION = YES;
				CLANG_WARN_OBJC_IMPLICIT_RETAIN_SELF = YES;
				CLANG_WARN_OBJC_LITERAL_CONVERSION = YES;
				CLANG_WARN_OBJC_ROOT_CLASS = YES_ERROR;
				CLANG_WARN_QUOTED_INCLUDE_IN_FRAMEWORK_HEADER = YES;
				CLANG_WARN_RANGE_LOOP_ANALYSIS = YES;
				CLANG_WARN_STRICT_PROTOTYPES = YES;
				CLANG_WARN_SUSPICIOUS_MOVE = YES;
				CLANG_WARN_UNGUARDED_AVAILABILITY = YES_AGGRESSIVE;
				CLANG_WARN_UNREACHABLE_CODE = YES;
				CLANG_WARN__DUPLICATE_METHOD_MATCH = YES;
				COPY_PHASE_STRIP = NO;
				DEBUG_INFORMATION_FORMAT = dwarf;
				ENABLE_STRICT_OBJC_MSGSEND = YES;
				ENABLE_TESTABILITY = YES;
				GCC_C_LANGUAGE_STANDARD = gnu11;
				GCC_DYNAMIC_NO_PIC = NO;
				GCC_NO_COMMON_BLOCKS = YES;
				GCC_OPTIMIZATION_LEVEL = 0;
				GCC_PREPROCESSOR_DEFINITIONS = (
					"DEBUG=1",
					"$(inherited)",
				);
				GCC_WARN_64_TO_32_BIT_CONVERSION = YES;
				GCC_WARN_ABOUT_RETURN_TYPE = YES_ERROR;
				GCC_WARN_UNDECLARED_SELECTOR = YES;
				GCC_WARN_UNINITIALIZED_AUTOS = YES_AGGRESSIVE;
				GCC_WARN_UNUSED_FUNCTION = YES;
				GCC_WARN_UNUSED_VARIABLE = YES;
				IPHONEOS_DEPLOYMENT_TARGET = 14.5;
				MTL_ENABLE_DEBUG_INFO = INCLUDE_SOURCE;
				MTL_FAST_MATH = YES;
				ONLY_ACTIVE_ARCH = YES;
				SDKROOT = iphoneos;
				SWIFT_ACTIVE_COMPILATION_CONDITIONS = DEBUG;
				SWIFT_OPTIMIZATION_LEVEL = "-Onone";
			};
			name = Debug;
		};
		1D054E6D272D4DAA0081E75B /* Release */ = {
			isa = XCBuildConfiguration;
			buildSettings = {
				ALWAYS_SEARCH_USER_PATHS = NO;
				CLANG_ANALYZER_NONNULL = YES;
				CLANG_ANALYZER_NUMBER_OBJECT_CONVERSION = YES_AGGRESSIVE;
				CLANG_CXX_LANGUAGE_STANDARD = "gnu++14";
				CLANG_CXX_LIBRARY = "libc++";
				CLANG_ENABLE_MODULES = YES;
				CLANG_ENABLE_OBJC_ARC = YES;
				CLANG_ENABLE_OBJC_WEAK = YES;
				CLANG_WARN_BLOCK_CAPTURE_AUTORELEASING = YES;
				CLANG_WARN_BOOL_CONVERSION = YES;
				CLANG_WARN_COMMA = YES;
				CLANG_WARN_CONSTANT_CONVERSION = YES;
				CLANG_WARN_DEPRECATED_OBJC_IMPLEMENTATIONS = YES;
				CLANG_WARN_DIRECT_OBJC_ISA_USAGE = YES_ERROR;
				CLANG_WARN_DOCUMENTATION_COMMENTS = YES;
				CLANG_WARN_EMPTY_BODY = YES;
				CLANG_WARN_ENUM_CONVERSION = YES;
				CLANG_WARN_INFINITE_RECURSION = YES;
				CLANG_WARN_INT_CONVERSION = YES;
				CLANG_WARN_NON_LITERAL_NULL_CONVERSION = YES;
				CLANG_WARN_OBJC_IMPLICIT_RETAIN_SELF = YES;
				CLANG_WARN_OBJC_LITERAL_CONVERSION = YES;
				CLANG_WARN_OBJC_ROOT_CLASS = YES_ERROR;
				CLANG_WARN_QUOTED_INCLUDE_IN_FRAMEWORK_HEADER = YES;
				CLANG_WARN_RANGE_LOOP_ANALYSIS = YES;
				CLANG_WARN_STRICT_PROTOTYPES = YES;
				CLANG_WARN_SUSPICIOUS_MOVE = YES;
				CLANG_WARN_UNGUARDED_AVAILABILITY = YES_AGGRESSIVE;
				CLANG_WARN_UNREACHABLE_CODE = YES;
				CLANG_WARN__DUPLICATE_METHOD_MATCH = YES;
				COPY_PHASE_STRIP = NO;
				DEBUG_INFORMATION_FORMAT = "dwarf-with-dsym";
				ENABLE_NS_ASSERTIONS = NO;
				ENABLE_STRICT_OBJC_MSGSEND = YES;
				GCC_C_LANGUAGE_STANDARD = gnu11;
				GCC_NO_COMMON_BLOCKS = YES;
				GCC_WARN_64_TO_32_BIT_CONVERSION = YES;
				GCC_WARN_ABOUT_RETURN_TYPE = YES_ERROR;
				GCC_WARN_UNDECLARED_SELECTOR = YES;
				GCC_WARN_UNINITIALIZED_AUTOS = YES_AGGRESSIVE;
				GCC_WARN_UNUSED_FUNCTION = YES;
				GCC_WARN_UNUSED_VARIABLE = YES;
				IPHONEOS_DEPLOYMENT_TARGET = 14.5;
				MTL_ENABLE_DEBUG_INFO = NO;
				MTL_FAST_MATH = YES;
				SDKROOT = iphoneos;
				SWIFT_COMPILATION_MODE = wholemodule;
				SWIFT_OPTIMIZATION_LEVEL = "-O";
				VALIDATE_PRODUCT = YES;
			};
			name = Release;
		};
		1D054E6F272D4DAA0081E75B /* Debug */ = {
			isa = XCBuildConfiguration;
			buildSettings = {
				ASSETCATALOG_COMPILER_APPICON_NAME = AppIcon;
				ASSETCATALOG_COMPILER_GLOBAL_ACCENT_COLOR_NAME = AccentColor;
				CODE_SIGN_STYLE = Automatic;
				DEVELOPMENT_ASSET_PATHS = "\"houseplantecommerce/Preview Content\"";
				DEVELOPMENT_TEAM = 5WJ6D6989G;
				ENABLE_PREVIEWS = YES;
				INFOPLIST_FILE = houseplantecommerce/Info.plist;
				IPHONEOS_DEPLOYMENT_TARGET = 14.0;
				LD_RUNPATH_SEARCH_PATHS = (
					"$(inherited)",
					"@executable_path/Frameworks",
				);
				PRODUCT_BUNDLE_IDENTIFIER = com.cagatayyildiz.houseplantecommerce;
				PRODUCT_NAME = "$(TARGET_NAME)";
				SWIFT_VERSION = 5.0;
				TARGETED_DEVICE_FAMILY = "1,2";
			};
			name = Debug;
		};
		1D054E70272D4DAA0081E75B /* Release */ = {
			isa = XCBuildConfiguration;
			buildSettings = {
				ASSETCATALOG_COMPILER_APPICON_NAME = AppIcon;
				ASSETCATALOG_COMPILER_GLOBAL_ACCENT_COLOR_NAME = AccentColor;
				CODE_SIGN_STYLE = Automatic;
				DEVELOPMENT_ASSET_PATHS = "\"houseplantecommerce/Preview Content\"";
				DEVELOPMENT_TEAM = 5WJ6D6989G;
				ENABLE_PREVIEWS = YES;
				INFOPLIST_FILE = houseplantecommerce/Info.plist;
				IPHONEOS_DEPLOYMENT_TARGET = 14.0;
				LD_RUNPATH_SEARCH_PATHS = (
					"$(inherited)",
					"@executable_path/Frameworks",
				);
				PRODUCT_BUNDLE_IDENTIFIER = com.cagatayyildiz.houseplantecommerce;
				PRODUCT_NAME = "$(TARGET_NAME)";
				SWIFT_VERSION = 5.0;
				TARGETED_DEVICE_FAMILY = "1,2";
			};
			name = Release;
		};
/* End XCBuildConfiguration section */

/* Begin XCConfigurationList section */
		1D054E5A272D4DA80081E75B /* Build configuration list for PBXProject "houseplantecommerce" */ = {
			isa = XCConfigurationList;
			buildConfigurations = (
				1D054E6C272D4DAA0081E75B /* Debug */,
				1D054E6D272D4DAA0081E75B /* Release */,
			);
			defaultConfigurationIsVisible = 0;
			defaultConfigurationName = Release;
		};
		1D054E6E272D4DAA0081E75B /* Build configuration list for PBXNativeTarget "houseplantecommerce" */ = {
			isa = XCConfigurationList;
			buildConfigurations = (
				1D054E6F272D4DAA0081E75B /* Debug */,
				1D054E70272D4DAA0081E75B /* Release */,
			);
			defaultConfigurationIsVisible = 0;
			defaultConfigurationName = Release;
		};
/* End XCConfigurationList section */

/* Begin XCRemoteSwiftPackageReference section */
		1DD2C06B273FBCED005CA8FD /* XCRemoteSwiftPackageReference "url-image" */ = {
			isa = XCRemoteSwiftPackageReference;
			repositoryURL = "https://github.com/dmytro-anokhin/url-image";
			requirement = {
				kind = upToNextMajorVersion;
				minimumVersion = 3.1.1;
			};
		};
/* End XCRemoteSwiftPackageReference section */

/* Begin XCSwiftPackageProductDependency section */
		1DD2C06C273FBCED005CA8FD /* URLImageStore */ = {
			isa = XCSwiftPackageProductDependency;
			package = 1DD2C06B273FBCED005CA8FD /* XCRemoteSwiftPackageReference "url-image" */;
			productName = URLImageStore;
		};
		1DD2C06E273FBCED005CA8FD /* URLImage */ = {
			isa = XCSwiftPackageProductDependency;
			package = 1DD2C06B273FBCED005CA8FD /* XCRemoteSwiftPackageReference "url-image" */;
			productName = URLImage;
		};
/* End XCSwiftPackageProductDependency section */
	};
	rootObject = 1D054E57272D4DA80081E75B /* Project object */;
}
